
Microsoft Visual Studio Solution File, Format Version 12.00
# Visual Studio Version 17
VisualStudioVersion = 17.5.002.0
MinimumVisualStudioVersion = 10.0.40219.1
Project("{9A19103F-16F7-4668-BE54-9A1E7A4F7556}") = "GestorInventario", "GestorInventario.csproj", "{052EA49B-673C-4107-AACC-ABA85BF14557}"
EndProject
Global
	GlobalSection(SolutionConfigurationPlatforms) = preSolution
		Debug|Any CPU = Debug|Any CPU
		Release|Any CPU = Release|Any CPU
	EndGlobalSection
	GlobalSection(ProjectConfigurationPlatforms) = postSolution
		{052EA49B-673C-4107-AACC-ABA85BF14557}.Debug|Any CPU.ActiveCfg = Debug|Any CPU
		{052EA49B-673C-4107-AACC-ABA85BF14557}.Debug|Any CPU.Build.0 = Debug|Any CPU
		{052EA49B-673C-4107-AACC-ABA85BF14557}.Release|Any CPU.ActiveCfg = Release|Any CPU
		{052EA49B-673C-4107-AACC-ABA85BF14557}.Release|Any CPU.Build.0 = Release|Any CPU
	EndGlobalSection
	GlobalSection(SolutionProperties) = preSolution
		HideSolutionNode = FALSE
	EndGlobalSection
	GlobalSection(ExtensibilityGlobals) = postSolution
		SolutionGuid = {20941E66-D27D-4769-977E-A592ADB4F045}
	EndGlobalSection
EndGlobal
