
Microsoft Visual Studio Solution File, Format Version 12.00
# Visual Studio Version 17
VisualStudioVersion = 17.5.002.0
MinimumVisualStudioVersion = 10.0.40219.1
Project("{9A19103F-16F7-4668-BE54-9A1E7A4F7556}") = "GestorInventario", "GestorInventario.csproj", "{ABF0F4CB-425C-4392-9925-A7446734B615}"
EndProject
Global
	GlobalSection(SolutionConfigurationPlatforms) = preSolution
		Debug|Any CPU = Debug|Any CPU
		Release|Any CPU = Release|Any CPU
	EndGlobalSection
	GlobalSection(ProjectConfigurationPlatforms) = postSolution
		{ABF0F4CB-425C-4392-9925-A7446734B615}.Debug|Any CPU.ActiveCfg = Debug|Any CPU
		{ABF0F4CB-425C-4392-9925-A7446734B615}.Debug|Any CPU.Build.0 = Debug|Any CPU
		{ABF0F4CB-425C-4392-9925-A7446734B615}.Release|Any CPU.ActiveCfg = Release|Any CPU
		{ABF0F4CB-425C-4392-9925-A7446734B615}.Release|Any CPU.Build.0 = Release|Any CPU
	EndGlobalSection
	GlobalSection(SolutionProperties) = preSolution
		HideSolutionNode = FALSE
	EndGlobalSection
	GlobalSection(ExtensibilityGlobals) = postSolution
		SolutionGuid = {C3815343-030E-4E55-AE9C-3B4DBE20FA21}
	EndGlobalSection
EndGlobal
